// !$*UTF8*$!
{
	archiveVersion = 1;
	classes = {
	};
	objectVersion = 46;
	objects = {

/* Begin PBXBuildFile section */
		F000CBDB1497D68F007FDD41 /* cc.yahoo-inc.com.png in Resources */ = {isa = PBXBuildFile; fileRef = F000CBCF1497D68F007FDD41 /* cc.yahoo-inc.com.png */; };
		F000CBDC1497D68F007FDD41 /* google.com.png in Resources */ = {isa = PBXBuildFile; fileRef = F000CBD01497D68F007FDD41 /* google.com.png */; };
		F000CBDE1497D68F007FDD41 /* komli.com.png in Resources */ = {isa = PBXBuildFile; fileRef = F000CBD21497D68F007FDD41 /* komli.com.png */; };
		F000CBDF1497D68F007FDD41 /* geni.com.png in Resources */ = {isa = PBXBuildFile; fileRef = F000CBD31497D68F007FDD41 /* geni.com.png */; };
		F000CBE01497D68F007FDD41 /* fb.com.png in Resources */ = {isa = PBXBuildFile; fileRef = F000CBD41497D68F007FDD41 /* fb.com.png */; };
		F000CBE11497D68F007FDD41 /* n.testflightapp.com.png in Resources */ = {isa = PBXBuildFile; fileRef = F000CBD51497D68F007FDD41 /* n.testflightapp.com.png */; };
		F000CBE21497D68F007FDD41 /* podio.com.png in Resources */ = {isa = PBXBuildFile; fileRef = F000CBD61497D68F007FDD41 /* podio.com.png */; };
		F000CBE31497D68F007FDD41 /* testflightapp.com.png in Resources */ = {isa = PBXBuildFile; fileRef = F000CBD71497D68F007FDD41 /* testflightapp.com.png */; };
		F000CBE41497D68F007FDD41 /* draugas.lt.png in Resources */ = {isa = PBXBuildFile; fileRef = F000CBD81497D68F007FDD41 /* draugas.lt.png */; };
		F000CBE51497D68F007FDD41 /* postmaster.twitter.com.png in Resources */ = {isa = PBXBuildFile; fileRef = F000CBD91497D68F007FDD41 /* postmaster.twitter.com.png */; };
		F000CBE61497D68F007FDD41 /* seb.lt.png in Resources */ = {isa = PBXBuildFile; fileRef = F000CBDA1497D68F007FDD41 /* seb.lt.png */; };
		F073276F14988E9C00BA6FD3 /* cybercoders.com.png in Resources */ = {isa = PBXBuildFile; fileRef = F073276E14988E9C00BA6FD3 /* cybercoders.com.png */; };
		F073277214988EF800BA6FD3 /* facebookmail.com.png in Resources */ = {isa = PBXBuildFile; fileRef = F073277114988EF800BA6FD3 /* facebookmail.com.png */; };
		F08BE2891498861A0066B5B7 /* linkedin.com.png in Resources */ = {isa = PBXBuildFile; fileRef = F08BE2881498861A0066B5B7 /* linkedin.com.png */; };
		F08BE28F149886D40066B5B7 /* darnipora.lt.png in Resources */ = {isa = PBXBuildFile; fileRef = F08BE28E149886D40066B5B7 /* darnipora.lt.png */; };
		F08BE292149887FD0066B5B7 /* tapjoy.com.png in Resources */ = {isa = PBXBuildFile; fileRef = F08BE291149887FD0066B5B7 /* tapjoy.com.png */; };
		F08BE29714988DC60066B5B7 /* founder2be.com.png in Resources */ = {isa = PBXBuildFile; fileRef = F08BE29614988DC60066B5B7 /* founder2be.com.png */; };
		F0C4AA0D14978C92004E791E /* Cocoa.framework in Frameworks */ = {isa = PBXBuildFile; fileRef = F0C4AA0C14978C92004E791E /* Cocoa.framework */; };
		F0C4AA2614978D34004E791E /* RRSenderPhoto.m in Sources */ = {isa = PBXBuildFile; fileRef = F0C4AA2314978D34004E791E /* RRSenderPhoto.m */; };
		F0DA254F1497962700F05422 /* AddressBook.framework in Frameworks */ = {isa = PBXBuildFile; fileRef = F0DA254E1497962600F05422 /* AddressBook.framework */; };
/* End PBXBuildFile section */

/* Begin PBXFileReference section */
		F000CBCF1497D68F007FDD41 /* cc.yahoo-inc.com.png */ = {isa = PBXFileReference; lastKnownFileType = image.png; path = "cc.yahoo-inc.com.png"; sourceTree = "<group>"; };
		F000CBD01497D68F007FDD41 /* google.com.png */ = {isa = PBXFileReference; lastKnownFileType = image.png; path = google.com.png; sourceTree = "<group>"; };
		F000CBD21497D68F007FDD41 /* komli.com.png */ = {isa = PBXFileReference; lastKnownFileType = image.png; path = komli.com.png; sourceTree = "<group>"; };
		F000CBD31497D68F007FDD41 /* geni.com.png */ = {isa = PBXFileReference; lastKnownFileType = image.png; path = geni.com.png; sourceTree = "<group>"; };
		F000CBD41497D68F007FDD41 /* fb.com.png */ = {isa = PBXFileReference; lastKnownFileType = image.png; path = fb.com.png; sourceTree = "<group>"; };
		F000CBD51497D68F007FDD41 /* n.testflightapp.com.png */ = {isa = PBXFileReference; lastKnownFileType = image.png; path = n.testflightapp.com.png; sourceTree = "<group>"; };
		F000CBD61497D68F007FDD41 /* podio.com.png */ = {isa = PBXFileReference; lastKnownFileType = image.png; path = podio.com.png; sourceTree = "<group>"; };
		F000CBD71497D68F007FDD41 /* testflightapp.com.png */ = {isa = PBXFileReference; lastKnownFileType = image.png; path = testflightapp.com.png; sourceTree = "<group>"; };
		F000CBD81497D68F007FDD41 /* draugas.lt.png */ = {isa = PBXFileReference; lastKnownFileType = image.png; path = draugas.lt.png; sourceTree = "<group>"; };
		F000CBD91497D68F007FDD41 /* postmaster.twitter.com.png */ = {isa = PBXFileReference; lastKnownFileType = image.png; path = postmaster.twitter.com.png; sourceTree = "<group>"; };
		F000CBDA1497D68F007FDD41 /* seb.lt.png */ = {isa = PBXFileReference; lastKnownFileType = image.png; path = seb.lt.png; sourceTree = "<group>"; };
		F073276E14988E9C00BA6FD3 /* cybercoders.com.png */ = {isa = PBXFileReference; lastKnownFileType = image.png; path = cybercoders.com.png; sourceTree = "<group>"; };
		F073277114988EF800BA6FD3 /* facebookmail.com.png */ = {isa = PBXFileReference; lastKnownFileType = image.png; path = facebookmail.com.png; sourceTree = "<group>"; };
		F08BE2881498861A0066B5B7 /* linkedin.com.png */ = {isa = PBXFileReference; lastKnownFileType = image.png; path = linkedin.com.png; sourceTree = "<group>"; };
		F08BE28E149886D40066B5B7 /* darnipora.lt.png */ = {isa = PBXFileReference; lastKnownFileType = image.png; path = darnipora.lt.png; sourceTree = "<group>"; };
		F08BE291149887FD0066B5B7 /* tapjoy.com.png */ = {isa = PBXFileReference; lastKnownFileType = image.png; path = tapjoy.com.png; sourceTree = "<group>"; };
		F08BE29614988DC60066B5B7 /* founder2be.com.png */ = {isa = PBXFileReference; lastKnownFileType = image.png; path = founder2be.com.png; sourceTree = "<group>"; };
		F0C4AA0714978C92004E791E /* RRSenderPhoto.mailbundle */ = {isa = PBXFileReference; explicitFileType = wrapper.cfbundle; includeInIndex = 0; path = RRSenderPhoto.mailbundle; sourceTree = BUILT_PRODUCTS_DIR; };
		F0C4AA0C14978C92004E791E /* Cocoa.framework */ = {isa = PBXFileReference; lastKnownFileType = wrapper.framework; name = Cocoa.framework; path = System/Library/Frameworks/Cocoa.framework; sourceTree = SDKROOT; };
		F0C4AA0F14978C92004E791E /* AppKit.framework */ = {isa = PBXFileReference; lastKnownFileType = wrapper.framework; name = AppKit.framework; path = System/Library/Frameworks/AppKit.framework; sourceTree = SDKROOT; };
		F0C4AA1114978C92004E791E /* Foundation.framework */ = {isa = PBXFileReference; lastKnownFileType = wrapper.framework; name = Foundation.framework; path = System/Library/Frameworks/Foundation.framework; sourceTree = SDKROOT; };
		F0C4AA1414978C92004E791E /* Info.plist */ = {isa = PBXFileReference; lastKnownFileType = text.plist.xml; name = Info.plist; path = ../Info.plist; sourceTree = "<group>"; };
		F0C4AA1814978C92004E791E /* Prefix.pch */ = {isa = PBXFileReference; lastKnownFileType = sourcecode.c.h; path = Prefix.pch; sourceTree = "<group>"; };
		F0C4AA2214978D34004E791E /* RRSenderPhoto.h */ = {isa = PBXFileReference; fileEncoding = 4; lastKnownFileType = sourcecode.c.h; path = RRSenderPhoto.h; sourceTree = "<group>"; };
		F0C4AA2314978D34004E791E /* RRSenderPhoto.m */ = {isa = PBXFileReference; fileEncoding = 4; lastKnownFileType = sourcecode.c.objc; path = RRSenderPhoto.m; sourceTree = "<group>"; };
		F0DA254E1497962600F05422 /* AddressBook.framework */ = {isa = PBXFileReference; lastKnownFileType = wrapper.framework; name = AddressBook.framework; path = System/Library/Frameworks/AddressBook.framework; sourceTree = SDKROOT; };
/* End PBXFileReference section */

/* Begin PBXFrameworksBuildPhase section */
		F0C4AA0414978C92004E791E /* Frameworks */ = {
			isa = PBXFrameworksBuildPhase;
			buildActionMask = 2147483647;
			files = (
				F0DA254F1497962700F05422 /* AddressBook.framework in Frameworks */,
				F0C4AA0D14978C92004E791E /* Cocoa.framework in Frameworks */,
			);
			runOnlyForDeploymentPostprocessing = 0;
		};
/* End PBXFrameworksBuildPhase section */

/* Begin PBXGroup section */
		F000CBCE1497D68F007FDD41 /* Images */ = {
			isa = PBXGroup;
			children = (
				F073276E14988E9C00BA6FD3 /* cybercoders.com.png */,
				F08BE29614988DC60066B5B7 /* founder2be.com.png */,
				F08BE28E149886D40066B5B7 /* darnipora.lt.png */,
				F08BE291149887FD0066B5B7 /* tapjoy.com.png */,
				F000CBCF1497D68F007FDD41 /* cc.yahoo-inc.com.png */,
				F000CBD01497D68F007FDD41 /* google.com.png */,
				F08BE2881498861A0066B5B7 /* linkedin.com.png */,
				F000CBD21497D68F007FDD41 /* komli.com.png */,
				F000CBD31497D68F007FDD41 /* geni.com.png */,
				F000CBD41497D68F007FDD41 /* fb.com.png */,
				F073277114988EF800BA6FD3 /* facebookmail.com.png */,
				F000CBD51497D68F007FDD41 /* n.testflightapp.com.png */,
				F000CBD61497D68F007FDD41 /* podio.com.png */,
				F000CBD71497D68F007FDD41 /* testflightapp.com.png */,
				F000CBD81497D68F007FDD41 /* draugas.lt.png */,
				F000CBD91497D68F007FDD41 /* postmaster.twitter.com.png */,
				F000CBDA1497D68F007FDD41 /* seb.lt.png */,
			);
			path = Images;
			sourceTree = "<group>";
		};
		F0C4A9FC14978C92004E791E = {
			isa = PBXGroup;
			children = (
				F0C4AA2114978D34004E791E /* Classes */,
				F0C4AA2514978D34004E791E /* Resources */,
				F0C4AA1314978C92004E791E /* Supporting Files */,
				F0C4AA2414978D34004E791E /* Frameworks */,
				F0C4AA0814978C92004E791E /* Products */,
			);
			sourceTree = "<group>";
		};
		F0C4AA0814978C92004E791E /* Products */ = {
			isa = PBXGroup;
			children = (
				F0C4AA0714978C92004E791E /* RRSenderPhoto.mailbundle */,
			);
			name = Products;
			sourceTree = "<group>";
		};
		F0C4AA0E14978C92004E791E /* Other Frameworks */ = {
			isa = PBXGroup;
			children = (
				F0C4AA0F14978C92004E791E /* AppKit.framework */,
				F0C4AA1114978C92004E791E /* Foundation.framework */,
			);
			name = "Other Frameworks";
			path = ../..;
			sourceTree = "<group>";
		};
		F0C4AA1314978C92004E791E /* Supporting Files */ = {
			isa = PBXGroup;
			children = (
				F0C4AA1814978C92004E791E /* Prefix.pch */,
			);
			name = "Supporting Files";
			path = RRSenderPhoto;
			sourceTree = "<group>";
		};
		F0C4AA2114978D34004E791E /* Classes */ = {
			isa = PBXGroup;
			children = (
				F0C4AA2214978D34004E791E /* RRSenderPhoto.h */,
				F0C4AA2314978D34004E791E /* RRSenderPhoto.m */,
			);
			name = Classes;
			path = RRSenderPhoto/Classes;
			sourceTree = "<group>";
		};
		F0C4AA2414978D34004E791E /* Frameworks */ = {
			isa = PBXGroup;
			children = (
				F0C4AA0C14978C92004E791E /* Cocoa.framework */,
				F0DA254E1497962600F05422 /* AddressBook.framework */,
				F0C4AA0E14978C92004E791E /* Other Frameworks */,
			);
			name = Frameworks;
			path = RRSenderPhoto/Frameworks;
			sourceTree = "<group>";
		};
		F0C4AA2514978D34004E791E /* Resources */ = {
			isa = PBXGroup;
			children = (
				F000CBCE1497D68F007FDD41 /* Images */,
				F0C4AA1414978C92004E791E /* Info.plist */,
			);
			name = Resources;
			path = RRSenderPhoto/Resources;
			sourceTree = "<group>";
		};
/* End PBXGroup section */

/* Begin PBXNativeTarget section */
		F0C4AA0614978C92004E791E /* RRSenderPhoto */ = {
			isa = PBXNativeTarget;
			buildConfigurationList = F0C4AA1E14978C92004E791E /* Build configuration list for PBXNativeTarget "RRSenderPhoto" */;
			buildPhases = (
				F0C4AA0314978C92004E791E /* Sources */,
				F0C4AA0414978C92004E791E /* Frameworks */,
				F0C4AA0514978C92004E791E /* Resources */,
			);
			buildRules = (
			);
			dependencies = (
			);
			name = RRSenderPhoto;
			productName = RRSenderPhoto;
			productReference = F0C4AA0714978C92004E791E /* RRSenderPhoto.mailbundle */;
			productType = "com.apple.product-type.bundle";
		};
/* End PBXNativeTarget section */

/* Begin PBXProject section */
		F0C4A9FE14978C92004E791E /* Project object */ = {
			isa = PBXProject;
			attributes = {
				LastUpgradeCheck = 0420;
				ORGANIZATIONNAME = UD7;
			};
			buildConfigurationList = F0C4AA0114978C92004E791E /* Build configuration list for PBXProject "RRSenderPhoto" */;
			compatibilityVersion = "Xcode 3.2";
			developmentRegion = English;
			hasScannedForEncodings = 0;
			knownRegions = (
				en,
			);
			mainGroup = F0C4A9FC14978C92004E791E;
			productRefGroup = F0C4AA0814978C92004E791E /* Products */;
			projectDirPath = "";
			projectRoot = "";
			targets = (
				F0C4AA0614978C92004E791E /* RRSenderPhoto */,
			);
		};
/* End PBXProject section */

/* Begin PBXResourcesBuildPhase section */
		F0C4AA0514978C92004E791E /* Resources */ = {
			isa = PBXResourcesBuildPhase;
			buildActionMask = 2147483647;
			files = (
				F000CBDB1497D68F007FDD41 /* cc.yahoo-inc.com.png in Resources */,
				F000CBDC1497D68F007FDD41 /* google.com.png in Resources */,
				F000CBDE1497D68F007FDD41 /* komli.com.png in Resources */,
				F000CBDF1497D68F007FDD41 /* geni.com.png in Resources */,
				F000CBE01497D68F007FDD41 /* fb.com.png in Resources */,
				F000CBE11497D68F007FDD41 /* n.testflightapp.com.png in Resources */,
				F000CBE21497D68F007FDD41 /* podio.com.png in Resources */,
				F000CBE31497D68F007FDD41 /* testflightapp.com.png in Resources */,
				F000CBE41497D68F007FDD41 /* draugas.lt.png in Resources */,
				F000CBE51497D68F007FDD41 /* postmaster.twitter.com.png in Resources */,
				F000CBE61497D68F007FDD41 /* seb.lt.png in Resources */,
				F08BE2891498861A0066B5B7 /* linkedin.com.png in Resources */,
				F08BE28F149886D40066B5B7 /* darnipora.lt.png in Resources */,
				F08BE292149887FD0066B5B7 /* tapjoy.com.png in Resources */,
				F08BE29714988DC60066B5B7 /* founder2be.com.png in Resources */,
				F073276F14988E9C00BA6FD3 /* cybercoders.com.png in Resources */,
				F073277214988EF800BA6FD3 /* facebookmail.com.png in Resources */,
			);
			runOnlyForDeploymentPostprocessing = 0;
		};
/* End PBXResourcesBuildPhase section */

/* Begin PBXSourcesBuildPhase section */
		F0C4AA0314978C92004E791E /* Sources */ = {
			isa = PBXSourcesBuildPhase;
			buildActionMask = 2147483647;
			files = (
				F0C4AA2614978D34004E791E /* RRSenderPhoto.m in Sources */,
			);
			runOnlyForDeploymentPostprocessing = 0;
		};
/* End PBXSourcesBuildPhase section */

/* Begin XCBuildConfiguration section */
		F0C4AA1C14978C92004E791E /* Debug */ = {
			isa = XCBuildConfiguration;
			buildSettings = {
				ALWAYS_SEARCH_USER_PATHS = NO;
				ARCHS = "$(ARCHS_STANDARD_64_BIT)";
				COPY_PHASE_STRIP = NO;
				GCC_C_LANGUAGE_STANDARD = gnu99;
				GCC_DYNAMIC_NO_PIC = NO;
				GCC_ENABLE_OBJC_EXCEPTIONS = YES;
				GCC_OPTIMIZATION_LEVEL = 0;
				GCC_PREPROCESSOR_DEFINITIONS = (
					"DEBUG=1",
					"$(inherited)",
				);
				GCC_SYMBOLS_PRIVATE_EXTERN = NO;
				GCC_VERSION = com.apple.compilers.llvm.clang.1_0;
				GCC_WARN_64_TO_32_BIT_CONVERSION = YES;
				GCC_WARN_ABOUT_MISSING_PROTOTYPES = YES;
				GCC_WARN_ABOUT_RETURN_TYPE = YES;
				GCC_WARN_UNUSED_VARIABLE = YES;
				MACOSX_DEPLOYMENT_TARGET = 10.7;
				ONLY_ACTIVE_ARCH = YES;
				RUN_CLANG_STATIC_ANALYZER = YES;
				SDKROOT = macosx;
			};
			name = Debug;
		};
		F0C4AA1D14978C92004E791E /* Release */ = {
			isa = XCBuildConfiguration;
			buildSettings = {
				ALWAYS_SEARCH_USER_PATHS = NO;
				ARCHS = "$(ARCHS_STANDARD_64_BIT)";
				COPY_PHASE_STRIP = YES;
				DEBUG_INFORMATION_FORMAT = "dwarf-with-dsym";
				GCC_C_LANGUAGE_STANDARD = gnu99;
				GCC_ENABLE_OBJC_EXCEPTIONS = YES;
				GCC_VERSION = com.apple.compilers.llvm.clang.1_0;
				GCC_WARN_64_TO_32_BIT_CONVERSION = YES;
				GCC_WARN_ABOUT_MISSING_PROTOTYPES = YES;
				GCC_WARN_ABOUT_RETURN_TYPE = YES;
				GCC_WARN_UNUSED_VARIABLE = YES;
				MACOSX_DEPLOYMENT_TARGET = 10.7;
				RUN_CLANG_STATIC_ANALYZER = YES;
				SDKROOT = macosx;
			};
			name = Release;
		};
		F0C4AA1F14978C92004E791E /* Debug */ = {
			isa = XCBuildConfiguration;
			buildSettings = {
				GCC_PRECOMPILE_PREFIX_HEADER = YES;
				GCC_PREFIX_HEADER = RRSenderPhoto/Prefix.pch;
				INFOPLIST_FILE = RRSenderPhoto/Info.plist;
				INSTALL_PATH = "$(HOME)/Library/Mail/Bundles";
				PRODUCT_NAME = RRSenderPhoto;
				WRAPPER_EXTENSION = mailbundle;
			};
			name = Debug;
		};
		F0C4AA2014978C92004E791E /* Release */ = {
			isa = XCBuildConfiguration;
			buildSettings = {
				GCC_PRECOMPILE_PREFIX_HEADER = YES;
				GCC_PREFIX_HEADER = RRSenderPhoto/Prefix.pch;
				INFOPLIST_FILE = RRSenderPhoto/Info.plist;
				INSTALL_PATH = "$(HOME)/Library/Mail/Bundles";
				PRODUCT_NAME = RRSenderPhoto;
				WRAPPER_EXTENSION = mailbundle;
			};
			name = Release;
		};
/* End XCBuildConfiguration section */

/* Begin XCConfigurationList section */
		F0C4AA0114978C92004E791E /* Build configuration list for PBXProject "RRSenderPhoto" */ = {
			isa = XCConfigurationList;
			buildConfigurations = (
				F0C4AA1C14978C92004E791E /* Debug */,
				F0C4AA1D14978C92004E791E /* Release */,
			);
			defaultConfigurationIsVisible = 0;
			defaultConfigurationName = Release;
		};
		F0C4AA1E14978C92004E791E /* Build configuration list for PBXNativeTarget "RRSenderPhoto" */ = {
			isa = XCConfigurationList;
			buildConfigurations = (
				F0C4AA1F14978C92004E791E /* Debug */,
				F0C4AA2014978C92004E791E /* Release */,
			);
			defaultConfigurationIsVisible = 0;
			defaultConfigurationName = Release;
		};
/* End XCConfigurationList section */
	};
	rootObject = F0C4A9FE14978C92004E791E /* Project object */;
}
